
Microsoft Visual Studio Solution File, Format Version 12.00
# Visual Studio Version 17
VisualStudioVersion = 17.8.34525.116
MinimumVisualStudioVersion = 10.0.40219.1
Project("{FAE04EC0-301F-11D3-BF4B-00C04F79EFBC}") = "TodoWebApiProject", "TodoWebApiProject\TodoWebApiProject.csproj", "{C3435650-2CF5-4B47-BFED-161EB4B19753}"
EndProject
Global
	GlobalSection(SolutionConfigurationPlatforms) = preSolution
		Debug|Any CPU = Debug|Any CPU
		Release|Any CPU = Release|Any CPU
	EndGlobalSection
	GlobalSection(ProjectConfigurationPlatforms) = postSolution
		{C3435650-2CF5-4B47-BFED-161EB4B19753}.Debug|Any CPU.ActiveCfg = Debug|Any CPU
		{C3435650-2CF5-4B47-BFED-161EB4B19753}.Debug|Any CPU.Build.0 = Debug|Any CPU
		{C3435650-2CF5-4B47-BFED-161EB4B19753}.Release|Any CPU.ActiveCfg = Release|Any CPU
		{C3435650-2CF5-4B47-BFED-161EB4B19753}.Release|Any CPU.Build.0 = Release|Any CPU
	EndGlobalSection
	GlobalSection(SolutionProperties) = preSolution
		HideSolutionNode = FALSE
	EndGlobalSection
	GlobalSection(ExtensibilityGlobals) = postSolution
		SolutionGuid = {060804F9-37D0-4184-84DD-1F91E254DBB3}
	EndGlobalSection
EndGlobal
